{
  "originHash" : "af99608624c614b48a8a47079adc8a2cdbadc6d6b1cbc585025b0be8a24ef8ac",
  "pins" : [
    {
      "identity" : "swiftdata-containerviewer",
      "kind" : "remoteSourceControl",
      "location" : "https://github.com/Whiffer/swiftdata-containerviewer",
      "state" : {
        "revision" : "cdf71f40bc99a3809d5e6ceed9f087f1e1b4cb1f",
        "version" : "1.0.1"
      }
    }
  ],
  "version" : 3
}
