{
  "originHash" : "af99608624c614b48a8a47079adc8a2cdbadc6d6b1cbc585025b0be8a24ef8ac",
  "pins" : [
    {
      "identity" : "swiftdata-containerviewer",
      "kind" : "remoteSourceControl",
      "location" : "https://github.com/Whiffer/swiftdata-containerviewer",
      "state" : {
        "revision" : "1294a5149fbc8c155b364a9fad913f82c02edbe9",
        "version" : "1.0.2"
      }
    }
  ],
  "version" : 3
}
